
Microsoft Visual Studio Solution File, Format Version 12.00
# Visual Studio Version 17
VisualStudioVersion = 17.5.002.0
MinimumVisualStudioVersion = 10.0.40219.1
Project("{9A19103F-16F7-4668-BE54-9A1E7A4F7556}") = "BlazorFluentUITailwind", "BlazorFluentUITailwind.csproj", "{A33F568E-DA08-47F5-9D11-F20E29BAD349}"
EndProject
Global
	GlobalSection(SolutionConfigurationPlatforms) = preSolution
		Debug|Any CPU = Debug|Any CPU
		Release|Any CPU = Release|Any CPU
	EndGlobalSection
	GlobalSection(ProjectConfigurationPlatforms) = postSolution
		{A33F568E-DA08-47F5-9D11-F20E29BAD349}.Debug|Any CPU.ActiveCfg = Debug|Any CPU
		{A33F568E-DA08-47F5-9D11-F20E29BAD349}.Debug|Any CPU.Build.0 = Debug|Any CPU
		{A33F568E-DA08-47F5-9D11-F20E29BAD349}.Release|Any CPU.ActiveCfg = Release|Any CPU
		{A33F568E-DA08-47F5-9D11-F20E29BAD349}.Release|Any CPU.Build.0 = Release|Any CPU
	EndGlobalSection
	GlobalSection(SolutionProperties) = preSolution
		HideSolutionNode = FALSE
	EndGlobalSection
	GlobalSection(ExtensibilityGlobals) = postSolution
		SolutionGuid = {3BFC582B-DC55-4F20-A31D-182071481430}
	EndGlobalSection
EndGlobal
